
Microsoft Visual Studio Solution File, Format Version 12.00
# Visual Studio Version 17
VisualStudioVersion = 17.7.34202.233
MinimumVisualStudioVersion = 10.0.40219.1
Project("{FAE04EC0-301F-11D3-BF4B-00C04F79EFBC}") = "SampleApp", "SampleApp\SampleApp.csproj", "{093F4B3B-3B28-45CF-8F47-5A9196377B16}"
EndProject
Project("{54435603-DBB4-11D2-8724-00A0C9A8B90C}") = "SampleAppSetup", "SampleAppSetup\SampleAppSetup.vdproj", "{D1A79522-9CAD-40B4-978C-82EE0BCE3AD8}"
EndProject
Global
	GlobalSection(SolutionConfigurationPlatforms) = preSolution
		Debug|Any CPU = Debug|Any CPU
		Release|Any CPU = Release|Any CPU
	EndGlobalSection
	GlobalSection(ProjectConfigurationPlatforms) = postSolution
		{093F4B3B-3B28-45CF-8F47-5A9196377B16}.Debug|Any CPU.ActiveCfg = Debug|Any CPU
		{093F4B3B-3B28-45CF-8F47-5A9196377B16}.Debug|Any CPU.Build.0 = Debug|Any CPU
		{093F4B3B-3B28-45CF-8F47-5A9196377B16}.Release|Any CPU.ActiveCfg = Release|Any CPU
		{093F4B3B-3B28-45CF-8F47-5A9196377B16}.Release|Any CPU.Build.0 = Release|Any CPU
		{D1A79522-9CAD-40B4-978C-82EE0BCE3AD8}.Debug|Any CPU.ActiveCfg = Debug
		{D1A79522-9CAD-40B4-978C-82EE0BCE3AD8}.Release|Any CPU.ActiveCfg = Release
	EndGlobalSection
	GlobalSection(SolutionProperties) = preSolution
		HideSolutionNode = FALSE
	EndGlobalSection
	GlobalSection(ExtensibilityGlobals) = postSolution
		SolutionGuid = {28C5D6EB-2B0F-4A77-98CF-F28949590509}
	EndGlobalSection
EndGlobal
